
Microsoft Visual Studio Solution File, Format Version 12.00
# Visual Studio 15
VisualStudioVersion = 15.0.28307.421
MinimumVisualStudioVersion = 10.0.40219.1
Project("{FAE04EC0-301F-11D3-BF4B-00C04F79EFBC}") = "hello", "hello\hello.csproj", "{123E3B9F-824A-443B-A38C-A18726121080}"
EndProject
Global
	GlobalSection(SolutionConfigurationPlatforms) = preSolution
		Debug|Any CPU = Debug|Any CPU
		Release|Any CPU = Release|Any CPU
	EndGlobalSection
	GlobalSection(ProjectConfigurationPlatforms) = postSolution
		{123E3B9F-824A-443B-A38C-A18726121080}.Debug|Any CPU.ActiveCfg = Debug|Any CPU
		{123E3B9F-824A-443B-A38C-A18726121080}.Debug|Any CPU.Build.0 = Debug|Any CPU
		{123E3B9F-824A-443B-A38C-A18726121080}.Release|Any CPU.ActiveCfg = Release|Any CPU
		{123E3B9F-824A-443B-A38C-A18726121080}.Release|Any CPU.Build.0 = Release|Any CPU
	EndGlobalSection
	GlobalSection(SolutionProperties) = preSolution
		HideSolutionNode = FALSE
	EndGlobalSection
	GlobalSection(ExtensibilityGlobals) = postSolution
		SolutionGuid = {E8C9739E-507A-459F-B261-DD393D7697AB}
	EndGlobalSection
EndGlobal
